
Microsoft Visual Studio Solution File, Format Version 12.00
# Visual Studio Version 16
VisualStudioVersion = 16.0.31729.503
MinimumVisualStudioVersion = 10.0.40219.1
Project("{FAE04EC0-301F-11D3-BF4B-00C04F79EFBC}") = "vimage", "vimage\vimage.csproj", "{9A1A81DB-F12C-4CF0-90B0-47D27092F484}"
EndProject
Project("{FAE04EC0-301F-11D3-BF4B-00C04F79EFBC}") = "vimage_settings", "vimage_settings\vimage_settings.csproj", "{DD1FC968-F2A0-4118-B6BD-35F95C19A236}"
EndProject
Project("{2150E333-8FDC-42A3-9474-1A3956D46DE8}") = "Solution Items", "Solution Items", "{3575C8CE-42B7-4A6A-8F7C-D97B3219BCA1}"
	ProjectSection(SolutionItems) = preProject
		.editorconfig = .editorconfig
	EndProjectSection
EndProject
Global
	GlobalSection(SolutionConfigurationPlatforms) = preSolution
		Debug|Any CPU = Debug|Any CPU
		Release|Any CPU = Release|Any CPU
	EndGlobalSection
	GlobalSection(ProjectConfigurationPlatforms) = postSolution
		{9A1A81DB-F12C-4CF0-90B0-47D27092F484}.Debug|Any CPU.ActiveCfg = Debug|Any CPU
		{9A1A81DB-F12C-4CF0-90B0-47D27092F484}.Debug|Any CPU.Build.0 = Debug|Any CPU
		{9A1A81DB-F12C-4CF0-90B0-47D27092F484}.Release|Any CPU.ActiveCfg = Release|Any CPU
		{9A1A81DB-F12C-4CF0-90B0-47D27092F484}.Release|Any CPU.Build.0 = Release|Any CPU
		{DD1FC968-F2A0-4118-B6BD-35F95C19A236}.Debug|Any CPU.ActiveCfg = Debug|Any CPU
		{DD1FC968-F2A0-4118-B6BD-35F95C19A236}.Debug|Any CPU.Build.0 = Debug|Any CPU
		{DD1FC968-F2A0-4118-B6BD-35F95C19A236}.Release|Any CPU.ActiveCfg = Release|Any CPU
		{DD1FC968-F2A0-4118-B6BD-35F95C19A236}.Release|Any CPU.Build.0 = Release|Any CPU
	EndGlobalSection
	GlobalSection(SolutionProperties) = preSolution
		HideSolutionNode = FALSE
	EndGlobalSection
	GlobalSection(ExtensibilityGlobals) = postSolution
		SolutionGuid = {829C6FCB-764C-4BBE-8965-EA99BE61E9E5}
	EndGlobalSection
EndGlobal
