Microsoft Visual Studio Solution File, Format Version 12.00
# Visual Studio Version 17
VisualStudioVersion = 17.5.2.0
MinimumVisualStudioVersion = 10.0.40219.1
Project("{9A19103F-16F7-4668-BE54-9A1E7A4F7556}") = "vimage", "vimage\vimage.csproj", "{92394A27-D9C5-1F3C-9D83-93543FA5CDB2}"
EndProject
Project("{9A19103F-16F7-4668-BE54-9A1E7A4F7556}") = "vimage_settings", "vimage_settings\vimage_settings.csproj", "{80DD9197-20D6-164E-9F06-82E5645C1AFF}"
EndProject
Global
	GlobalSection(SolutionConfigurationPlatforms) = preSolution
		Debug|Any CPU = Debug|Any CPU
		Release|Any CPU = Release|Any CPU
	EndGlobalSection
	GlobalSection(ProjectConfigurationPlatforms) = postSolution
		{92394A27-D9C5-1F3C-9D83-93543FA5CDB2}.Debug|Any CPU.ActiveCfg = Debug|Any CPU
		{92394A27-D9C5-1F3C-9D83-93543FA5CDB2}.Debug|Any CPU.Build.0 = Debug|Any CPU
		{92394A27-D9C5-1F3C-9D83-93543FA5CDB2}.Release|Any CPU.ActiveCfg = Release|Any CPU
		{92394A27-D9C5-1F3C-9D83-93543FA5CDB2}.Release|Any CPU.Build.0 = Release|Any CPU
		{80DD9197-20D6-164E-9F06-82E5645C1AFF}.Debug|Any CPU.ActiveCfg = Debug|Any CPU
		{80DD9197-20D6-164E-9F06-82E5645C1AFF}.Debug|Any CPU.Build.0 = Debug|Any CPU
		{80DD9197-20D6-164E-9F06-82E5645C1AFF}.Release|Any CPU.ActiveCfg = Release|Any CPU
		{80DD9197-20D6-164E-9F06-82E5645C1AFF}.Release|Any CPU.Build.0 = Release|Any CPU
	EndGlobalSection
	GlobalSection(SolutionProperties) = preSolution
		HideSolutionNode = FALSE
	EndGlobalSection
	GlobalSection(ExtensibilityGlobals) = postSolution
		SolutionGuid = {4ED5620A-F2AF-409A-BBD2-C04B98A544CB}
	EndGlobalSection
EndGlobal
